// !$*UTF8*$!
{
	archiveVersion = 1;
	classes = {
	};
	objectVersion = 56;
	objects = {

/* Begin PBXBuildFile section */
		B24798652BC4F50900BD911B /* SuperchargerTests.swift in Sources */ = {isa = PBXBuildFile; fileRef = B24798642BC4F50900BD911B /* SuperchargerTests.swift */; };
		B27995222BC6610700FF4C45 /* CmdMan.swift in Sources */ = {isa = PBXBuildFile; fileRef = B27995212BC6610700FF4C45 /* CmdMan.swift */; };
		B2EFF4BD2BC02A8700CFA542 /* SuperchargerApp.swift in Sources */ = {isa = PBXBuildFile; fileRef = B2EFF4BC2BC02A8700CFA542 /* SuperchargerApp.swift */; };
		B2EFF4BF2BC02A8700CFA542 /* ContentView.swift in Sources */ = {isa = PBXBuildFile; fileRef = B2EFF4BE2BC02A8700CFA542 /* ContentView.swift */; };
		B2EFF4C12BC02A8800CFA542 /* Assets.xcassets in Resources */ = {isa = PBXBuildFile; fileRef = B2EFF4C02BC02A8800CFA542 /* Assets.xcassets */; };
		B2EFF4C42BC02A8800CFA542 /* Preview Assets.xcassets in Resources */ = {isa = PBXBuildFile; fileRef = B2EFF4C32BC02A8800CFA542 /* Preview Assets.xcassets */; };
		B2EFF4CC2BC02BF100CFA542 /* ChargingState.swift in Sources */ = {isa = PBXBuildFile; fileRef = B2EFF4CB2BC02BF100CFA542 /* ChargingState.swift */; };
/* End PBXBuildFile section */

/* Begin PBXContainerItemProxy section */
		B24798662BC4F50900BD911B /* PBXContainerItemProxy */ = {
			isa = PBXContainerItemProxy;
			containerPortal = B2EFF4B12BC02A8700CFA542 /* Project object */;
			proxyType = 1;
			remoteGlobalIDString = B2EFF4B82BC02A8700CFA542;
			remoteInfo = Supercharger;
		};
/* End PBXContainerItemProxy section */

/* Begin PBXFileReference section */
		B24798622BC4F50900BD911B /* SuperchargerTests.xctest */ = {isa = PBXFileReference; explicitFileType = wrapper.cfbundle; includeInIndex = 0; path = SuperchargerTests.xctest; sourceTree = BUILT_PRODUCTS_DIR; };
		B24798642BC4F50900BD911B /* SuperchargerTests.swift */ = {isa = PBXFileReference; lastKnownFileType = sourcecode.swift; path = SuperchargerTests.swift; sourceTree = "<group>"; };
		B27995212BC6610700FF4C45 /* CmdMan.swift */ = {isa = PBXFileReference; lastKnownFileType = sourcecode.swift; path = CmdMan.swift; sourceTree = "<group>"; };
		B2EFF4B92BC02A8700CFA542 /* Supercharger.app */ = {isa = PBXFileReference; explicitFileType = wrapper.application; includeInIndex = 0; path = Supercharger.app; sourceTree = BUILT_PRODUCTS_DIR; };
		B2EFF4BC2BC02A8700CFA542 /* SuperchargerApp.swift */ = {isa = PBXFileReference; lastKnownFileType = sourcecode.swift; path = SuperchargerApp.swift; sourceTree = "<group>"; };
		B2EFF4BE2BC02A8700CFA542 /* ContentView.swift */ = {isa = PBXFileReference; lastKnownFileType = sourcecode.swift; path = ContentView.swift; sourceTree = "<group>"; };
		B2EFF4C02BC02A8800CFA542 /* Assets.xcassets */ = {isa = PBXFileReference; lastKnownFileType = folder.assetcatalog; path = Assets.xcassets; sourceTree = "<group>"; };
		B2EFF4C32BC02A8800CFA542 /* Preview Assets.xcassets */ = {isa = PBXFileReference; lastKnownFileType = folder.assetcatalog; path = "Preview Assets.xcassets"; sourceTree = "<group>"; };
		B2EFF4C52BC02A8800CFA542 /* Supercharger.entitlements */ = {isa = PBXFileReference; lastKnownFileType = text.plist.entitlements; path = Supercharger.entitlements; sourceTree = "<group>"; };
		B2EFF4CB2BC02BF100CFA542 /* ChargingState.swift */ = {isa = PBXFileReference; lastKnownFileType = sourcecode.swift; path = ChargingState.swift; sourceTree = "<group>"; };
/* End PBXFileReference section */

/* Begin PBXFrameworksBuildPhase section */
		B247985F2BC4F50900BD911B /* Frameworks */ = {
			isa = PBXFrameworksBuildPhase;
			buildActionMask = 2147483647;
			files = (
			);
			runOnlyForDeploymentPostprocessing = 0;
		};
		B2EFF4B62BC02A8700CFA542 /* Frameworks */ = {
			isa = PBXFrameworksBuildPhase;
			buildActionMask = 2147483647;
			files = (
			);
			runOnlyForDeploymentPostprocessing = 0;
		};
/* End PBXFrameworksBuildPhase section */

/* Begin PBXGroup section */
		B24798632BC4F50900BD911B /* SuperchargerTests */ = {
			isa = PBXGroup;
			children = (
				B24798642BC4F50900BD911B /* SuperchargerTests.swift */,
			);
			path = SuperchargerTests;
			sourceTree = "<group>";
		};
		B2EFF4B02BC02A8700CFA542 = {
			isa = PBXGroup;
			children = (
				B2EFF4BB2BC02A8700CFA542 /* Supercharger */,
				B24798632BC4F50900BD911B /* SuperchargerTests */,
				B2EFF4BA2BC02A8700CFA542 /* Products */,
			);
			sourceTree = "<group>";
		};
		B2EFF4BA2BC02A8700CFA542 /* Products */ = {
			isa = PBXGroup;
			children = (
				B2EFF4B92BC02A8700CFA542 /* Supercharger.app */,
				B24798622BC4F50900BD911B /* SuperchargerTests.xctest */,
			);
			name = Products;
			sourceTree = "<group>";
		};
		B2EFF4BB2BC02A8700CFA542 /* Supercharger */ = {
			isa = PBXGroup;
			children = (
				B2EFF4BC2BC02A8700CFA542 /* SuperchargerApp.swift */,
				B2EFF4CB2BC02BF100CFA542 /* ChargingState.swift */,
				B27995212BC6610700FF4C45 /* CmdMan.swift */,
				B2EFF4BE2BC02A8700CFA542 /* ContentView.swift */,
				B2EFF4C02BC02A8800CFA542 /* Assets.xcassets */,
				B2EFF4C52BC02A8800CFA542 /* Supercharger.entitlements */,
				B2EFF4C22BC02A8800CFA542 /* Preview Content */,
			);
			path = Supercharger;
			sourceTree = "<group>";
		};
		B2EFF4C22BC02A8800CFA542 /* Preview Content */ = {
			isa = PBXGroup;
			children = (
				B2EFF4C32BC02A8800CFA542 /* Preview Assets.xcassets */,
			);
			path = "Preview Content";
			sourceTree = "<group>";
		};
/* End PBXGroup section */

/* Begin PBXNativeTarget section */
		B24798612BC4F50900BD911B /* SuperchargerTests */ = {
			isa = PBXNativeTarget;
			buildConfigurationList = B247986A2BC4F50900BD911B /* Build configuration list for PBXNativeTarget "SuperchargerTests" */;
			buildPhases = (
				B247985E2BC4F50900BD911B /* Sources */,
				B247985F2BC4F50900BD911B /* Frameworks */,
				B24798602BC4F50900BD911B /* Resources */,
			);
			buildRules = (
			);
			dependencies = (
				B24798672BC4F50900BD911B /* PBXTargetDependency */,
			);
			name = SuperchargerTests;
			productName = SuperchargerTests;
			productReference = B24798622BC4F50900BD911B /* SuperchargerTests.xctest */;
			productType = "com.apple.product-type.bundle.unit-test";
		};
		B2EFF4B82BC02A8700CFA542 /* Supercharger */ = {
			isa = PBXNativeTarget;
			buildConfigurationList = B2EFF4C82BC02A8800CFA542 /* Build configuration list for PBXNativeTarget "Supercharger" */;
			buildPhases = (
				B2EFF4B52BC02A8700CFA542 /* Sources */,
				B2EFF4B62BC02A8700CFA542 /* Frameworks */,
				B2EFF4B72BC02A8700CFA542 /* Resources */,
			);
			buildRules = (
			);
			dependencies = (
			);
			name = Supercharger;
			productName = Supercharger;
			productReference = B2EFF4B92BC02A8700CFA542 /* Supercharger.app */;
			productType = "com.apple.product-type.application";
		};
/* End PBXNativeTarget section */

/* Begin PBXProject section */
		B2EFF4B12BC02A8700CFA542 /* Project object */ = {
			isa = PBXProject;
			attributes = {
				BuildIndependentTargetsInParallel = 1;
				LastSwiftUpdateCheck = 1530;
				LastUpgradeCheck = 1530;
				TargetAttributes = {
					B24798612BC4F50900BD911B = {
						CreatedOnToolsVersion = 15.3;
						TestTargetID = B2EFF4B82BC02A8700CFA542;
					};
					B2EFF4B82BC02A8700CFA542 = {
						CreatedOnToolsVersion = 15.3;
					};
				};
			};
			buildConfigurationList = B2EFF4B42BC02A8700CFA542 /* Build configuration list for PBXProject "Supercharger" */;
			compatibilityVersion = "Xcode 14.0";
			developmentRegion = en;
			hasScannedForEncodings = 0;
			knownRegions = (
				en,
				Base,
			);
			mainGroup = B2EFF4B02BC02A8700CFA542;
			productRefGroup = B2EFF4BA2BC02A8700CFA542 /* Products */;
			projectDirPath = "";
			projectRoot = "";
			targets = (
				B2EFF4B82BC02A8700CFA542 /* Supercharger */,
				B24798612BC4F50900BD911B /* SuperchargerTests */,
			);
		};
/* End PBXProject section */

/* Begin PBXResourcesBuildPhase section */
		B24798602BC4F50900BD911B /* Resources */ = {
			isa = PBXResourcesBuildPhase;
			buildActionMask = 2147483647;
			files = (
			);
			runOnlyForDeploymentPostprocessing = 0;
		};
		B2EFF4B72BC02A8700CFA542 /* Resources */ = {
			isa = PBXResourcesBuildPhase;
			buildActionMask = 2147483647;
			files = (
				B2EFF4C42BC02A8800CFA542 /* Preview Assets.xcassets in Resources */,
				B2EFF4C12BC02A8800CFA542 /* Assets.xcassets in Resources */,
			);
			runOnlyForDeploymentPostprocessing = 0;
		};
/* End PBXResourcesBuildPhase section */

/* Begin PBXSourcesBuildPhase section */
		B247985E2BC4F50900BD911B /* Sources */ = {
			isa = PBXSourcesBuildPhase;
			buildActionMask = 2147483647;
			files = (
				B24798652BC4F50900BD911B /* SuperchargerTests.swift in Sources */,
			);
			runOnlyForDeploymentPostprocessing = 0;
		};
		B2EFF4B52BC02A8700CFA542 /* Sources */ = {
			isa = PBXSourcesBuildPhase;
			buildActionMask = 2147483647;
			files = (
				B2EFF4BF2BC02A8700CFA542 /* ContentView.swift in Sources */,
				B2EFF4CC2BC02BF100CFA542 /* ChargingState.swift in Sources */,
				B2EFF4BD2BC02A8700CFA542 /* SuperchargerApp.swift in Sources */,
				B27995222BC6610700FF4C45 /* CmdMan.swift in Sources */,
			);
			runOnlyForDeploymentPostprocessing = 0;
		};
/* End PBXSourcesBuildPhase section */

/* Begin PBXTargetDependency section */
		B24798672BC4F50900BD911B /* PBXTargetDependency */ = {
			isa = PBXTargetDependency;
			target = B2EFF4B82BC02A8700CFA542 /* Supercharger */;
			targetProxy = B24798662BC4F50900BD911B /* PBXContainerItemProxy */;
		};
/* End PBXTargetDependency section */

/* Begin XCBuildConfiguration section */
		B24798682BC4F50900BD911B /* Debug */ = {
			isa = XCBuildConfiguration;
			buildSettings = {
				BUNDLE_LOADER = "$(TEST_HOST)";
				CODE_SIGN_STYLE = Automatic;
				CURRENT_PROJECT_VERSION = 1;
				DEVELOPMENT_TEAM = 98882K9P37;
				GENERATE_INFOPLIST_FILE = YES;
				MARKETING_VERSION = 1.0;
				PRODUCT_BUNDLE_IDENTIFIER = com.n30gu1.SuperchargerTests;
				PRODUCT_NAME = "$(TARGET_NAME)";
				SWIFT_EMIT_LOC_STRINGS = NO;
				SWIFT_VERSION = 5.0;
				TEST_HOST = "$(BUILT_PRODUCTS_DIR)/Supercharger.app/$(BUNDLE_EXECUTABLE_FOLDER_PATH)/Supercharger";
			};
			name = Debug;
		};
		B24798692BC4F50900BD911B /* Release */ = {
			isa = XCBuildConfiguration;
			buildSettings = {
				BUNDLE_LOADER = "$(TEST_HOST)";
				CODE_SIGN_STYLE = Automatic;
				CURRENT_PROJECT_VERSION = 1;
				DEVELOPMENT_TEAM = 98882K9P37;
				GENERATE_INFOPLIST_FILE = YES;
				MARKETING_VERSION = 1.0;
				PRODUCT_BUNDLE_IDENTIFIER = com.n30gu1.SuperchargerTests;
				PRODUCT_NAME = "$(TARGET_NAME)";
				SWIFT_EMIT_LOC_STRINGS = NO;
				SWIFT_VERSION = 5.0;
				TEST_HOST = "$(BUILT_PRODUCTS_DIR)/Supercharger.app/$(BUNDLE_EXECUTABLE_FOLDER_PATH)/Supercharger";
			};
			name = Release;
		};
		B2EFF4C62BC02A8800CFA542 /* Debug */ = {
			isa = XCBuildConfiguration;
			buildSettings = {
				ALWAYS_SEARCH_USER_PATHS = NO;
				ASSETCATALOG_COMPILER_GENERATE_SWIFT_ASSET_SYMBOL_EXTENSIONS = YES;
				CLANG_ANALYZER_NONNULL = YES;
				CLANG_ANALYZER_NUMBER_OBJECT_CONVERSION = YES_AGGRESSIVE;
				CLANG_CXX_LANGUAGE_STANDARD = "gnu++20";
				CLANG_ENABLE_MODULES = YES;
				CLANG_ENABLE_OBJC_ARC = YES;
				CLANG_ENABLE_OBJC_WEAK = YES;
				CLANG_WARN_BLOCK_CAPTURE_AUTORELEASING = YES;
				CLANG_WARN_BOOL_CONVERSION = YES;
				CLANG_WARN_COMMA = YES;
				CLANG_WARN_CONSTANT_CONVERSION = YES;
				CLANG_WARN_DEPRECATED_OBJC_IMPLEMENTATIONS = YES;
				CLANG_WARN_DIRECT_OBJC_ISA_USAGE = YES_ERROR;
				CLANG_WARN_DOCUMENTATION_COMMENTS = YES;
				CLANG_WARN_EMPTY_BODY = YES;
				CLANG_WARN_ENUM_CONVERSION = YES;
				CLANG_WARN_INFINITE_RECURSION = YES;
				CLANG_WARN_INT_CONVERSION = YES;
				CLANG_WARN_NON_LITERAL_NULL_CONVERSION = YES;
				CLANG_WARN_OBJC_IMPLICIT_RETAIN_SELF = YES;
				CLANG_WARN_OBJC_LITERAL_CONVERSION = YES;
				CLANG_WARN_OBJC_ROOT_CLASS = YES_ERROR;
				CLANG_WARN_QUOTED_INCLUDE_IN_FRAMEWORK_HEADER = YES;
				CLANG_WARN_RANGE_LOOP_ANALYSIS = YES;
				CLANG_WARN_STRICT_PROTOTYPES = YES;
				CLANG_WARN_SUSPICIOUS_MOVE = YES;
				CLANG_WARN_UNGUARDED_AVAILABILITY = YES_AGGRESSIVE;
				CLANG_WARN_UNREACHABLE_CODE = YES;
				CLANG_WARN__DUPLICATE_METHOD_MATCH = YES;
				COPY_PHASE_STRIP = NO;
				DEBUG_INFORMATION_FORMAT = dwarf;
				ENABLE_STRICT_OBJC_MSGSEND = YES;
				ENABLE_TESTABILITY = YES;
				ENABLE_USER_SCRIPT_SANDBOXING = YES;
				GCC_C_LANGUAGE_STANDARD = gnu17;
				GCC_DYNAMIC_NO_PIC = NO;
				GCC_NO_COMMON_BLOCKS = YES;
				GCC_OPTIMIZATION_LEVEL = 0;
				GCC_PREPROCESSOR_DEFINITIONS = (
					"DEBUG=1",
					"$(inherited)",
				);
				GCC_WARN_64_TO_32_BIT_CONVERSION = YES;
				GCC_WARN_ABOUT_RETURN_TYPE = YES_ERROR;
				GCC_WARN_UNDECLARED_SELECTOR = YES;
				GCC_WARN_UNINITIALIZED_AUTOS = YES_AGGRESSIVE;
				GCC_WARN_UNUSED_FUNCTION = YES;
				GCC_WARN_UNUSED_VARIABLE = YES;
				LOCALIZATION_PREFERS_STRING_CATALOGS = YES;
				MACOSX_DEPLOYMENT_TARGET = 14.4;
				MTL_ENABLE_DEBUG_INFO = INCLUDE_SOURCE;
				MTL_FAST_MATH = YES;
				ONLY_ACTIVE_ARCH = YES;
				SDKROOT = macosx;
				SWIFT_ACTIVE_COMPILATION_CONDITIONS = "DEBUG $(inherited)";
				SWIFT_OPTIMIZATION_LEVEL = "-Onone";
			};
			name = Debug;
		};
		B2EFF4C72BC02A8800CFA542 /* Release */ = {
			isa = XCBuildConfiguration;
			buildSettings = {
				ALWAYS_SEARCH_USER_PATHS = NO;
				ASSETCATALOG_COMPILER_GENERATE_SWIFT_ASSET_SYMBOL_EXTENSIONS = YES;
				CLANG_ANALYZER_NONNULL = YES;
				CLANG_ANALYZER_NUMBER_OBJECT_CONVERSION = YES_AGGRESSIVE;
				CLANG_CXX_LANGUAGE_STANDARD = "gnu++20";
				CLANG_ENABLE_MODULES = YES;
				CLANG_ENABLE_OBJC_ARC = YES;
				CLANG_ENABLE_OBJC_WEAK = YES;
				CLANG_WARN_BLOCK_CAPTURE_AUTORELEASING = YES;
				CLANG_WARN_BOOL_CONVERSION = YES;
				CLANG_WARN_COMMA = YES;
				CLANG_WARN_CONSTANT_CONVERSION = YES;
				CLANG_WARN_DEPRECATED_OBJC_IMPLEMENTATIONS = YES;
				CLANG_WARN_DIRECT_OBJC_ISA_USAGE = YES_ERROR;
				CLANG_WARN_DOCUMENTATION_COMMENTS = YES;
				CLANG_WARN_EMPTY_BODY = YES;
				CLANG_WARN_ENUM_CONVERSION = YES;
				CLANG_WARN_INFINITE_RECURSION = YES;
				CLANG_WARN_INT_CONVERSION = YES;
				CLANG_WARN_NON_LITERAL_NULL_CONVERSION = YES;
				CLANG_WARN_OBJC_IMPLICIT_RETAIN_SELF = YES;
				CLANG_WARN_OBJC_LITERAL_CONVERSION = YES;
				CLANG_WARN_OBJC_ROOT_CLASS = YES_ERROR;
				CLANG_WARN_QUOTED_INCLUDE_IN_FRAMEWORK_HEADER = YES;
				CLANG_WARN_RANGE_LOOP_ANALYSIS = YES;
				CLANG_WARN_STRICT_PROTOTYPES = YES;
				CLANG_WARN_SUSPICIOUS_MOVE = YES;
				CLANG_WARN_UNGUARDED_AVAILABILITY = YES_AGGRESSIVE;
				CLANG_WARN_UNREACHABLE_CODE = YES;
				CLANG_WARN__DUPLICATE_METHOD_MATCH = YES;
				COPY_PHASE_STRIP = NO;
				DEBUG_INFORMATION_FORMAT = "dwarf-with-dsym";
				ENABLE_NS_ASSERTIONS = NO;
				ENABLE_STRICT_OBJC_MSGSEND = YES;
				ENABLE_USER_SCRIPT_SANDBOXING = YES;
				GCC_C_LANGUAGE_STANDARD = gnu17;
				GCC_NO_COMMON_BLOCKS = YES;
				GCC_WARN_64_TO_32_BIT_CONVERSION = YES;
				GCC_WARN_ABOUT_RETURN_TYPE = YES_ERROR;
				GCC_WARN_UNDECLARED_SELECTOR = YES;
				GCC_WARN_UNINITIALIZED_AUTOS = YES_AGGRESSIVE;
				GCC_WARN_UNUSED_FUNCTION = YES;
				GCC_WARN_UNUSED_VARIABLE = YES;
				LOCALIZATION_PREFERS_STRING_CATALOGS = YES;
				MACOSX_DEPLOYMENT_TARGET = 14.4;
				MTL_ENABLE_DEBUG_INFO = NO;
				MTL_FAST_MATH = YES;
				SDKROOT = macosx;
				SWIFT_COMPILATION_MODE = wholemodule;
			};
			name = Release;
		};
		B2EFF4C92BC02A8800CFA542 /* Debug */ = {
			isa = XCBuildConfiguration;
			buildSettings = {
				ASSETCATALOG_COMPILER_APPICON_NAME = AppIcon;
				ASSETCATALOG_COMPILER_GLOBAL_ACCENT_COLOR_NAME = AccentColor;
				CODE_SIGN_ENTITLEMENTS = Supercharger/Supercharger.entitlements;
				CODE_SIGN_STYLE = Automatic;
				COMBINE_HIDPI_IMAGES = YES;
				CURRENT_PROJECT_VERSION = 1;
				DEVELOPMENT_ASSET_PATHS = "\"Supercharger/Preview Content\"";
				DEVELOPMENT_TEAM = 98882K9P37;
				ENABLE_HARDENED_RUNTIME = YES;
				ENABLE_PREVIEWS = YES;
				GENERATE_INFOPLIST_FILE = YES;
				INFOPLIST_KEY_NSHumanReadableCopyright = "";
				LD_RUNPATH_SEARCH_PATHS = (
					"$(inherited)",
					"@executable_path/../Frameworks",
				);
				MARKETING_VERSION = 1.0;
				PRODUCT_BUNDLE_IDENTIFIER = com.n30gu1.Supercharger;
				PRODUCT_NAME = "$(TARGET_NAME)";
				SWIFT_EMIT_LOC_STRINGS = YES;
				SWIFT_VERSION = 5.0;
			};
			name = Debug;
		};
		B2EFF4CA2BC02A8800CFA542 /* Release */ = {
			isa = XCBuildConfiguration;
			buildSettings = {
				ASSETCATALOG_COMPILER_APPICON_NAME = AppIcon;
				ASSETCATALOG_COMPILER_GLOBAL_ACCENT_COLOR_NAME = AccentColor;
				CODE_SIGN_ENTITLEMENTS = Supercharger/Supercharger.entitlements;
				CODE_SIGN_STYLE = Automatic;
				COMBINE_HIDPI_IMAGES = YES;
				CURRENT_PROJECT_VERSION = 1;
				DEVELOPMENT_ASSET_PATHS = "\"Supercharger/Preview Content\"";
				DEVELOPMENT_TEAM = 98882K9P37;
				ENABLE_HARDENED_RUNTIME = YES;
				ENABLE_PREVIEWS = YES;
				GENERATE_INFOPLIST_FILE = YES;
				INFOPLIST_KEY_NSHumanReadableCopyright = "";
				LD_RUNPATH_SEARCH_PATHS = (
					"$(inherited)",
					"@executable_path/../Frameworks",
				);
				MARKETING_VERSION = 1.0;
				PRODUCT_BUNDLE_IDENTIFIER = com.n30gu1.Supercharger;
				PRODUCT_NAME = "$(TARGET_NAME)";
				SWIFT_EMIT_LOC_STRINGS = YES;
				SWIFT_VERSION = 5.0;
			};
			name = Release;
		};
/* End XCBuildConfiguration section */

/* Begin XCConfigurationList section */
		B247986A2BC4F50900BD911B /* Build configuration list for PBXNativeTarget "SuperchargerTests" */ = {
			isa = XCConfigurationList;
			buildConfigurations = (
				B24798682BC4F50900BD911B /* Debug */,
				B24798692BC4F50900BD911B /* Release */,
			);
			defaultConfigurationIsVisible = 0;
			defaultConfigurationName = Release;
		};
		B2EFF4B42BC02A8700CFA542 /* Build configuration list for PBXProject "Supercharger" */ = {
			isa = XCConfigurationList;
			buildConfigurations = (
				B2EFF4C62BC02A8800CFA542 /* Debug */,
				B2EFF4C72BC02A8800CFA542 /* Release */,
			);
			defaultConfigurationIsVisible = 0;
			defaultConfigurationName = Release;
		};
		B2EFF4C82BC02A8800CFA542 /* Build configuration list for PBXNativeTarget "Supercharger" */ = {
			isa = XCConfigurationList;
			buildConfigurations = (
				B2EFF4C92BC02A8800CFA542 /* Debug */,
				B2EFF4CA2BC02A8800CFA542 /* Release */,
			);
			defaultConfigurationIsVisible = 0;
			defaultConfigurationName = Release;
		};
/* End XCConfigurationList section */
	};
	rootObject = B2EFF4B12BC02A8700CFA542 /* Project object */;
}
